
Microsoft Visual Studio Solution File, Format Version 12.00
# Visual Studio Version 17
VisualStudioVersion = 17.1.32210.238
MinimumVisualStudioVersion = 10.0.40219.1
Project("{FAE04EC0-301F-11D3-BF4B-00C04F79EFBC}") = "RPGLibEntityCore", "RPGLibEntityCore\RPGLibEntityCore.csproj", "{A883EF38-6B19-445F-BDBE-2ECE50D21D91}"
EndProject
Project("{FAE04EC0-301F-11D3-BF4B-00C04F79EFBC}") = "TestProjectRPGLibBusinessCore", "TestProjectRPGLibBusinessCore\TestProjectRPGLibBusinessCore.csproj", "{AA572008-4D26-44AF-8CBF-E2FDFBE251F1}"
EndProject
Project("{9A19103F-16F7-4668-BE54-9A1E7A4F7556}") = "RPGLibBusinessCore", "RPGLibBusinessCore\RPGLibBusinessCore.csproj", "{7F065B77-D9F2-4435-A784-58E54BF34E0A}"
EndProject
Global
	GlobalSection(SolutionConfigurationPlatforms) = preSolution
		Debug|Any CPU = Debug|Any CPU
		Release|Any CPU = Release|Any CPU
	EndGlobalSection
	GlobalSection(ProjectConfigurationPlatforms) = postSolution
		{A883EF38-6B19-445F-BDBE-2ECE50D21D91}.Debug|Any CPU.ActiveCfg = Debug|Any CPU
		{A883EF38-6B19-445F-BDBE-2ECE50D21D91}.Debug|Any CPU.Build.0 = Debug|Any CPU
		{A883EF38-6B19-445F-BDBE-2ECE50D21D91}.Release|Any CPU.ActiveCfg = Release|Any CPU
		{A883EF38-6B19-445F-BDBE-2ECE50D21D91}.Release|Any CPU.Build.0 = Release|Any CPU
		{AA572008-4D26-44AF-8CBF-E2FDFBE251F1}.Debug|Any CPU.ActiveCfg = Debug|Any CPU
		{AA572008-4D26-44AF-8CBF-E2FDFBE251F1}.Debug|Any CPU.Build.0 = Debug|Any CPU
		{AA572008-4D26-44AF-8CBF-E2FDFBE251F1}.Release|Any CPU.ActiveCfg = Release|Any CPU
		{AA572008-4D26-44AF-8CBF-E2FDFBE251F1}.Release|Any CPU.Build.0 = Release|Any CPU
		{7F065B77-D9F2-4435-A784-58E54BF34E0A}.Debug|Any CPU.ActiveCfg = Debug|Any CPU
		{7F065B77-D9F2-4435-A784-58E54BF34E0A}.Debug|Any CPU.Build.0 = Debug|Any CPU
		{7F065B77-D9F2-4435-A784-58E54BF34E0A}.Release|Any CPU.ActiveCfg = Release|Any CPU
		{7F065B77-D9F2-4435-A784-58E54BF34E0A}.Release|Any CPU.Build.0 = Release|Any CPU
	EndGlobalSection
	GlobalSection(SolutionProperties) = preSolution
		HideSolutionNode = FALSE
	EndGlobalSection
	GlobalSection(ExtensibilityGlobals) = postSolution
		SolutionGuid = {D50C232E-7683-4F34-B5A1-D48C3C0D199D}
	EndGlobalSection
EndGlobal
